
Microsoft Visual Studio Solution File, Format Version 12.00
# Visual Studio Version 17
VisualStudioVersion = 17.13.35825.156
MinimumVisualStudioVersion = 10.0.40219.1
Project("{FAE04EC0-301F-11D3-BF4B-00C04F79EFBC}") = "RENAPI", "RENAPI.csproj", "{C2430265-8D76-454D-A190-F3C76BBE9CB7}"
EndProject
Global
	GlobalSection(SolutionConfigurationPlatforms) = preSolution
		Debug|Any CPU = Debug|Any CPU
		Release|Any CPU = Release|Any CPU
	EndGlobalSection
	GlobalSection(ProjectConfigurationPlatforms) = postSolution
		{C2430265-8D76-454D-A190-F3C76BBE9CB7}.Debug|Any CPU.ActiveCfg = Debug|Any CPU
		{C2430265-8D76-454D-A190-F3C76BBE9CB7}.Debug|Any CPU.Build.0 = Debug|Any CPU
		{C2430265-8D76-454D-A190-F3C76BBE9CB7}.Release|Any CPU.ActiveCfg = Release|Any CPU
		{C2430265-8D76-454D-A190-F3C76BBE9CB7}.Release|Any CPU.Build.0 = Release|Any CPU
	EndGlobalSection
	GlobalSection(SolutionProperties) = preSolution
		HideSolutionNode = FALSE
	EndGlobalSection
	GlobalSection(ExtensibilityGlobals) = postSolution
		SolutionGuid = {2423561A-9920-4040-AC3E-C4D645739EFD}
	EndGlobalSection
EndGlobal
